
Microsoft Visual Studio Solution File, Format Version 12.00
# Visual Studio Version 17
VisualStudioVersion = 17.14.36811.4 d17.14
MinimumVisualStudioVersion = 10.0.40219.1
Project("{FAE04EC0-301F-11D3-BF4B-00C04F79EFBC}") = "P03R01_MC_API", "P03R01_MC_API.csproj", "{5410E452-0197-43A6-B63B-E9823CFB515D}"
EndProject
Global
	GlobalSection(SolutionConfigurationPlatforms) = preSolution
		Debug|Any CPU = Debug|Any CPU
		Release|Any CPU = Release|Any CPU
	EndGlobalSection
	GlobalSection(ProjectConfigurationPlatforms) = postSolution
		{5410E452-0197-43A6-B63B-E9823CFB515D}.Debug|Any CPU.ActiveCfg = Debug|Any CPU
		{5410E452-0197-43A6-B63B-E9823CFB515D}.Debug|Any CPU.Build.0 = Debug|Any CPU
		{5410E452-0197-43A6-B63B-E9823CFB515D}.Release|Any CPU.ActiveCfg = Release|Any CPU
		{5410E452-0197-43A6-B63B-E9823CFB515D}.Release|Any CPU.Build.0 = Release|Any CPU
	EndGlobalSection
	GlobalSection(SolutionProperties) = preSolution
		HideSolutionNode = FALSE
	EndGlobalSection
	GlobalSection(ExtensibilityGlobals) = postSolution
		SolutionGuid = {BB351AB1-2634-4BA9-A41B-047F5C87E9CF}
	EndGlobalSection
EndGlobal
